<?xml version="1.0" encoding="utf-8"?>
<Project ToolsVersion="4.0" xmlns="http://schemas.microsoft.com/developer/msbuild/2003">
  <ItemGroup>
    <Filter Include="Source Files">
      <UniqueIdentifier>{4FC737F1-C7A5-4376-A066-2A32D752A2FF}</UniqueIdentifier>
      <Extensions>qml;cpp;c;cc;cxx;def;odl;idl;hpj;bat;asm;asmx</Extensions>
    </Filter>
    <Filter Include="Header Files">
      <UniqueIdentifier>{93995380-89BD-4b04-88EB-625FBE52EBFB}</UniqueIdentifier>
      <Extensions>h;hh;hpp;hxx;hm;inl;inc;xsd</Extensions>
    </Filter>
    <Filter Include="Resource Files">
      <UniqueIdentifier>{67DA6AB6-F800-4c08-8B7A-83BB121AAD01}</UniqueIdentifier>
      <Extensions>qrc;rc;ico;cur;bmp;dlg;rc2;rct;bin;rgs;gif;jpg;jpeg;jpe;resx;tiff;tif;png;wav;mfcribbon-ms</Extensions>
    </Filter>
    <Filter Include="Translation Files">
      <UniqueIdentifier>{639EADAA-A684-42e4-A9AD-28FC9BCB8F7C}</UniqueIdentifier>
      <Extensions>ts</Extensions>
    </Filter>
    <Filter Include="QML">
      <UniqueIdentifier>{c381482a-a516-4d83-9db0-0228dd041194}</UniqueIdentifier>
    </Filter>
    <Filter Include="Model">
      <UniqueIdentifier>{a147ac6b-45ce-4633-a3b0-a73c7dfd863c}</UniqueIdentifier>
    </Filter>
  </ItemGroup>
  <ItemGroup>
    <ClCompile Include="main.cpp">
      <Filter>Source Files</Filter>
    </ClCompile>
    <QtRcc Include="qml.qrc">
      <Filter>Resource Files</Filter>
    </QtRcc>
    <None Include="main.qml">
      <Filter>Source Files</Filter>
    </None>
    <ClCompile Include="DataModel\LogExModel.cpp">
      <Filter>Model</Filter>
    </ClCompile>
  </ItemGroup>
  <ItemGroup>
    <None Include="qmlFiles\TestModel.qml">
      <Filter>QML</Filter>
    </None>
    <None Include="qmlFiles\TestDelegate.qml">
      <Filter>QML</Filter>
    </None>
    <None Include="qmlFiles\LogDelegate.qml">
      <Filter>QML</Filter>
    </None>
    <None Include="qmlFiles\LogExDelegate.qml">
      <Filter>QML</Filter>
    </None>
    <None Include="qmlFiles\TabPanelProcesses.qml">
      <Filter>Model</Filter>
    </None>
  </ItemGroup>
  <ItemGroup>
    <QtMoc Include="DataModel\LogDataObject.h">
      <Filter>Model</Filter>
    </QtMoc>
    <QtMoc Include="DataModel\LogExModel.h">
      <Filter>Model</Filter>
    </QtMoc>
  </ItemGroup>
</Project>